
Microsoft Visual Studio Solution File, Format Version 12.00
Project("{FAE04EC0-301F-11D3-BF4B-00C04F79EFBC}") = "ConsoleApp2", "ConsoleApp2\ConsoleApp2.csproj", "{94791E2A-32D6-495C-919E-E16E5D0ABD62}"
EndProject
Global
	GlobalSection(SolutionConfigurationPlatforms) = preSolution
		Debug|Any CPU = Debug|Any CPU
		Release|Any CPU = Release|Any CPU
	EndGlobalSection
	GlobalSection(ProjectConfigurationPlatforms) = postSolution
		{94791E2A-32D6-495C-919E-E16E5D0ABD62}.Debug|Any CPU.ActiveCfg = Debug|Any CPU
		{94791E2A-32D6-495C-919E-E16E5D0ABD62}.Debug|Any CPU.Build.0 = Debug|Any CPU
		{94791E2A-32D6-495C-919E-E16E5D0ABD62}.Release|Any CPU.ActiveCfg = Release|Any CPU
		{94791E2A-32D6-495C-919E-E16E5D0ABD62}.Release|Any CPU.Build.0 = Release|Any CPU
	EndGlobalSection
EndGlobal
